
Microsoft Visual Studio Solution File, Format Version 12.00
# Visual Studio Version 16
VisualStudioVersion = 16.0.31702.278
MinimumVisualStudioVersion = 10.0.40219.1
Project("{8BC9CEB8-8B4A-11D0-8D11-00A0C91BC942}") = "sandbox", "sandbox\sandbox.vcxproj", "{58778B7C-E1B6-4A5E-B9ED-CC5B9BCFD5B9}"
EndProject
Project("{8BC9CEB8-8B4A-11D0-8D11-00A0C91BC942}") = "hello-game-engine", "hello-game-engine\hello-game-engine.vcxproj", "{263643C9-E8A7-4D34-BD1E-10B0615BE85F}"
EndProject
Global
	GlobalSection(SolutionConfigurationPlatforms) = preSolution
		Debug|x64 = Debug|x64
		Release|x64 = Release|x64
	EndGlobalSection
	GlobalSection(ProjectConfigurationPlatforms) = postSolution
		{263643C9-E8A7-4D34-BD1E-10B0615BE85F}.Debug|x64.ActiveCfg = Debug|x64
		{263643C9-E8A7-4D34-BD1E-10B0615BE85F}.Debug|x64.Build.0 = Debug|x64
		{263643C9-E8A7-4D34-BD1E-10B0615BE85F}.Release|x64.ActiveCfg = Release|x64
		{263643C9-E8A7-4D34-BD1E-10B0615BE85F}.Release|x64.Build.0 = Release|x64
		{58778B7C-E1B6-4A5E-B9ED-CC5B9BCFD5B9}.Debug|x64.ActiveCfg = Debug|x64
		{58778B7C-E1B6-4A5E-B9ED-CC5B9BCFD5B9}.Debug|x64.Build.0 = Debug|x64
		{58778B7C-E1B6-4A5E-B9ED-CC5B9BCFD5B9}.Release|x64.ActiveCfg = Release|x64
		{58778B7C-E1B6-4A5E-B9ED-CC5B9BCFD5B9}.Release|x64.Build.0 = Release|x64
	EndGlobalSection
	GlobalSection(SolutionProperties) = preSolution
		HideSolutionNode = FALSE
	EndGlobalSection
	GlobalSection(ExtensibilityGlobals) = postSolution
		SolutionGuid = {2E6559A0-ED30-465E-87A7-B1B6CEDF99E3}
	EndGlobalSection
EndGlobal
