<?xml version="1.0" encoding="utf-8"?>
<Project ToolsVersion="4.0" xmlns="http://schemas.microsoft.com/developer/msbuild/2003">
  <ItemGroup>
    <Filter Include="Hello">
      <UniqueIdentifier>{79204F0D-E534-77BE-AEB6-1A1E1A8A73EF}</UniqueIdentifier>
    </Filter>
  </ItemGroup>
  <ItemGroup>
    <ClInclude Include="src\Hello.h" />
    <ClInclude Include="src\Hello\Application.h">
      <Filter>Hello</Filter>
    </ClInclude>
    <ClInclude Include="src\Hello\Core.h">
      <Filter>Hello</Filter>
    </ClInclude>
    <ClInclude Include="src\Hello\EntryPoint.h">
      <Filter>Hello</Filter>
    </ClInclude>
    <ClInclude Include="src\Hello\Log.h">
      <Filter>Hello</Filter>
    </ClInclude>
  </ItemGroup>
  <ItemGroup>
    <ClCompile Include="src\Hello\Application.cpp">
      <Filter>Hello</Filter>
    </ClCompile>
    <ClCompile Include="src\Hello\Log.cpp">
      <Filter>Hello</Filter>
    </ClCompile>
  </ItemGroup>
</Project>